// !$*UTF8*$!
{
	archiveVersion = 1;
	classes = {
	};
	objectVersion = 50;
	objects = {

/* Begin PBXBuildFile section */
		42F81574229F0D5600BC38AD /* REMain.cpp in Sources */ = {isa = PBXBuildFile; fileRef = 42F81573229F0D5600BC38AD /* REMain.cpp */; };
/* End PBXBuildFile section */

/* Begin PBXContainerItemProxy section */
		42B844A823CB6B5B00B2EB78 /* PBXContainerItemProxy */ = {
			isa = PBXContainerItemProxy;
			containerPortal = 42B844A423CB6B5A00B2EB78 /* graphics.xcodeproj */;
			proxyType = 2;
			remoteGlobalIDString = 42B8449623CB6B5A00B2EB78;
			remoteInfo = graphics;
		};
/* End PBXContainerItemProxy section */

/* Begin PBXCopyFilesBuildPhase section */
		42F8156E229F0D5600BC38AD /* CopyFiles */ = {
			isa = PBXCopyFilesBuildPhase;
			buildActionMask = 2147483647;
			dstPath = /usr/share/man/man1/;
			dstSubfolderSpec = 0;
			files = (
			);
			runOnlyForDeploymentPostprocessing = 1;
		};
/* End PBXCopyFilesBuildPhase section */

/* Begin PBXFileReference section */
		425EC4AE229FE068008894BB /* Framework.cpp */ = {isa = PBXFileReference; lastKnownFileType = sourcecode.cpp.cpp; path = Framework.cpp; sourceTree = "<group>"; };
		425EC4AF229FE068008894BB /* Framework.hpp */ = {isa = PBXFileReference; lastKnownFileType = sourcecode.cpp.h; path = Framework.hpp; sourceTree = "<group>"; };
		425EC4B1229FE0CD008894BB /* UObject.cpp */ = {isa = PBXFileReference; lastKnownFileType = sourcecode.cpp.cpp; path = UObject.cpp; sourceTree = "<group>"; };
		425EC4B2229FE0CD008894BB /* UObject.hpp */ = {isa = PBXFileReference; lastKnownFileType = sourcecode.cpp.h; path = UObject.hpp; sourceTree = "<group>"; };
		425EC4B7229FE430008894BB /* Singleton.hpp */ = {isa = PBXFileReference; lastKnownFileType = sourcecode.cpp.h; path = Singleton.hpp; sourceTree = "<group>"; };
		42B844A423CB6B5A00B2EB78 /* graphics.xcodeproj */ = {isa = PBXFileReference; lastKnownFileType = "wrapper.pb-project"; name = graphics.xcodeproj; path = graphics/graphics.xcodeproj; sourceTree = "<group>"; };
		42F81570229F0D5600BC38AD /* REM */ = {isa = PBXFileReference; explicitFileType = "compiled.mach-o.executable"; includeInIndex = 0; path = REM; sourceTree = BUILT_PRODUCTS_DIR; };
		42F81573229F0D5600BC38AD /* REMain.cpp */ = {isa = PBXFileReference; lastKnownFileType = sourcecode.cpp.cpp; path = REMain.cpp; sourceTree = "<group>"; };
/* End PBXFileReference section */

/* Begin PBXFrameworksBuildPhase section */
		42F8156D229F0D5600BC38AD /* Frameworks */ = {
			isa = PBXFrameworksBuildPhase;
			buildActionMask = 2147483647;
			files = (
			);
			runOnlyForDeploymentPostprocessing = 0;
		};
/* End PBXFrameworksBuildPhase section */

/* Begin PBXGroup section */
		424CE68B23CE190C00E7CC2D /* Frameworks */ = {
			isa = PBXGroup;
			children = (
			);
			name = Frameworks;
			sourceTree = "<group>";
		};
		425EC4AD229FE04F008894BB /* Framework */ = {
			isa = PBXGroup;
			children = (
				425EC4AE229FE068008894BB /* Framework.cpp */,
				425EC4AF229FE068008894BB /* Framework.hpp */,
				425EC4B1229FE0CD008894BB /* UObject.cpp */,
				425EC4B2229FE0CD008894BB /* UObject.hpp */,
			);
			path = Framework;
			sourceTree = "<group>";
		};
		425EC4B5229FE415008894BB /* Manager */ = {
			isa = PBXGroup;
			children = (
				425EC4B7229FE430008894BB /* Singleton.hpp */,
			);
			path = Manager;
			sourceTree = "<group>";
		};
		42B844A523CB6B5A00B2EB78 /* Products */ = {
			isa = PBXGroup;
			children = (
				42B844A923CB6B5B00B2EB78 /* libgraphics.dylib */,
			);
			name = Products;
			sourceTree = "<group>";
		};
		42F81567229F0D5600BC38AD = {
			isa = PBXGroup;
			children = (
				42B844A423CB6B5A00B2EB78 /* graphics.xcodeproj */,
				42F81572229F0D5600BC38AD /* REM */,
				42F81571229F0D5600BC38AD /* Products */,
				424CE68B23CE190C00E7CC2D /* Frameworks */,
			);
			sourceTree = "<group>";
		};
		42F81571229F0D5600BC38AD /* Products */ = {
			isa = PBXGroup;
			children = (
				42F81570229F0D5600BC38AD /* REM */,
			);
			name = Products;
			sourceTree = "<group>";
		};
		42F81572229F0D5600BC38AD /* REM */ = {
			isa = PBXGroup;
			children = (
				425EC4B5229FE415008894BB /* Manager */,
				425EC4AD229FE04F008894BB /* Framework */,
				42F81573229F0D5600BC38AD /* REMain.cpp */,
			);
			path = REM;
			sourceTree = "<group>";
		};
/* End PBXGroup section */

/* Begin PBXNativeTarget section */
		42F8156F229F0D5600BC38AD /* REM */ = {
			isa = PBXNativeTarget;
			buildConfigurationList = 42F81577229F0D5600BC38AD /* Build configuration list for PBXNativeTarget "REM" */;
			buildPhases = (
				42F8156C229F0D5600BC38AD /* Sources */,
				42F8156D229F0D5600BC38AD /* Frameworks */,
				42F8156E229F0D5600BC38AD /* CopyFiles */,
			);
			buildRules = (
			);
			dependencies = (
			);
			name = REM;
			productName = REM;
			productReference = 42F81570229F0D5600BC38AD /* REM */;
			productType = "com.apple.product-type.tool";
		};
/* End PBXNativeTarget section */

/* Begin PBXProject section */
		42F81568229F0D5600BC38AD /* Project object */ = {
			isa = PBXProject;
			attributes = {
				LastUpgradeCheck = 1020;
				ORGANIZATIONNAME = "Red Ember Mist";
				TargetAttributes = {
					42F8156F229F0D5600BC38AD = {
						CreatedOnToolsVersion = 10.2.1;
					};
				};
			};
			buildConfigurationList = 42F8156B229F0D5600BC38AD /* Build configuration list for PBXProject "REM" */;
			compatibilityVersion = "Xcode 9.3";
			developmentRegion = en;
			hasScannedForEncodings = 0;
			knownRegions = (
				en,
			);
			mainGroup = 42F81567229F0D5600BC38AD;
			productRefGroup = 42F81571229F0D5600BC38AD /* Products */;
			projectDirPath = "";
			projectReferences = (
				{
					ProductGroup = 42B844A523CB6B5A00B2EB78 /* Products */;
					ProjectRef = 42B844A423CB6B5A00B2EB78 /* graphics.xcodeproj */;
				},
			);
			projectRoot = "";
			targets = (
				42F8156F229F0D5600BC38AD /* REM */,
			);
		};
/* End PBXProject section */

/* Begin PBXReferenceProxy section */
		42B844A923CB6B5B00B2EB78 /* libgraphics.dylib */ = {
			isa = PBXReferenceProxy;
			fileType = "compiled.mach-o.dylib";
			path = libgraphics.dylib;
			remoteRef = 42B844A823CB6B5B00B2EB78 /* PBXContainerItemProxy */;
			sourceTree = BUILT_PRODUCTS_DIR;
		};
/* End PBXReferenceProxy section */

/* Begin PBXSourcesBuildPhase section */
		42F8156C229F0D5600BC38AD /* Sources */ = {
			isa = PBXSourcesBuildPhase;
			buildActionMask = 2147483647;
			files = (
				42F81574229F0D5600BC38AD /* REMain.cpp in Sources */,
			);
			runOnlyForDeploymentPostprocessing = 0;
		};
/* End PBXSourcesBuildPhase section */

/* Begin XCBuildConfiguration section */
		42F81575229F0D5600BC38AD /* Debug */ = {
			isa = XCBuildConfiguration;
			buildSettings = {
				ALWAYS_SEARCH_USER_PATHS = NO;
				CLANG_ANALYZER_NONNULL = YES;
				CLANG_ANALYZER_NUMBER_OBJECT_CONVERSION = YES_AGGRESSIVE;
				CLANG_CXX_LANGUAGE_STANDARD = "gnu++14";
				CLANG_CXX_LIBRARY = "libc++";
				CLANG_ENABLE_MODULES = YES;
				CLANG_ENABLE_OBJC_ARC = YES;
				CLANG_ENABLE_OBJC_WEAK = YES;
				CLANG_WARN_BLOCK_CAPTURE_AUTORELEASING = YES;
				CLANG_WARN_BOOL_CONVERSION = YES;
				CLANG_WARN_COMMA = YES;
				CLANG_WARN_CONSTANT_CONVERSION = YES;
				CLANG_WARN_DEPRECATED_OBJC_IMPLEMENTATIONS = YES;
				CLANG_WARN_DIRECT_OBJC_ISA_USAGE = YES_ERROR;
				CLANG_WARN_DOCUMENTATION_COMMENTS = YES;
				CLANG_WARN_EMPTY_BODY = YES;
				CLANG_WARN_ENUM_CONVERSION = YES;
				CLANG_WARN_INFINITE_RECURSION = YES;
				CLANG_WARN_INT_CONVERSION = YES;
				CLANG_WARN_NON_LITERAL_NULL_CONVERSION = YES;
				CLANG_WARN_OBJC_IMPLICIT_RETAIN_SELF = YES;
				CLANG_WARN_OBJC_LITERAL_CONVERSION = YES;
				CLANG_WARN_OBJC_ROOT_CLASS = YES_ERROR;
				CLANG_WARN_RANGE_LOOP_ANALYSIS = YES;
				CLANG_WARN_STRICT_PROTOTYPES = YES;
				CLANG_WARN_SUSPICIOUS_MOVE = YES;
				CLANG_WARN_UNGUARDED_AVAILABILITY = YES_AGGRESSIVE;
				CLANG_WARN_UNREACHABLE_CODE = YES;
				CLANG_WARN__DUPLICATE_METHOD_MATCH = YES;
				CODE_SIGN_IDENTITY = "Mac Developer";
				COPY_PHASE_STRIP = NO;
				DEBUG_INFORMATION_FORMAT = dwarf;
				ENABLE_STRICT_OBJC_MSGSEND = YES;
				ENABLE_TESTABILITY = YES;
				GCC_C_LANGUAGE_STANDARD = gnu11;
				GCC_DYNAMIC_NO_PIC = NO;
				GCC_NO_COMMON_BLOCKS = YES;
				GCC_OPTIMIZATION_LEVEL = 0;
				GCC_PREPROCESSOR_DEFINITIONS = (
					"DEBUG=1",
					"$(inherited)",
				);
				GCC_WARN_64_TO_32_BIT_CONVERSION = YES;
				GCC_WARN_ABOUT_RETURN_TYPE = YES_ERROR;
				GCC_WARN_UNDECLARED_SELECTOR = YES;
				GCC_WARN_UNINITIALIZED_AUTOS = YES_AGGRESSIVE;
				GCC_WARN_UNUSED_FUNCTION = YES;
				GCC_WARN_UNUSED_VARIABLE = YES;
				MACOSX_DEPLOYMENT_TARGET = 10.14;
				MTL_ENABLE_DEBUG_INFO = INCLUDE_SOURCE;
				MTL_FAST_MATH = YES;
				ONLY_ACTIVE_ARCH = YES;
				SDKROOT = macosx;
			};
			name = Debug;
		};
		42F81576229F0D5600BC38AD /* Release */ = {
			isa = XCBuildConfiguration;
			buildSettings = {
				ALWAYS_SEARCH_USER_PATHS = NO;
				CLANG_ANALYZER_NONNULL = YES;
				CLANG_ANALYZER_NUMBER_OBJECT_CONVERSION = YES_AGGRESSIVE;
				CLANG_CXX_LANGUAGE_STANDARD = "gnu++14";
				CLANG_CXX_LIBRARY = "libc++";
				CLANG_ENABLE_MODULES = YES;
				CLANG_ENABLE_OBJC_ARC = YES;
				CLANG_ENABLE_OBJC_WEAK = YES;
				CLANG_WARN_BLOCK_CAPTURE_AUTORELEASING = YES;
				CLANG_WARN_BOOL_CONVERSION = YES;
				CLANG_WARN_COMMA = YES;
				CLANG_WARN_CONSTANT_CONVERSION = YES;
				CLANG_WARN_DEPRECATED_OBJC_IMPLEMENTATIONS = YES;
				CLANG_WARN_DIRECT_OBJC_ISA_USAGE = YES_ERROR;
				CLANG_WARN_DOCUMENTATION_COMMENTS = YES;
				CLANG_WARN_EMPTY_BODY = YES;
				CLANG_WARN_ENUM_CONVERSION = YES;
				CLANG_WARN_INFINITE_RECURSION = YES;
				CLANG_WARN_INT_CONVERSION = YES;
				CLANG_WARN_NON_LITERAL_NULL_CONVERSION = YES;
				CLANG_WARN_OBJC_IMPLICIT_RETAIN_SELF = YES;
				CLANG_WARN_OBJC_LITERAL_CONVERSION = YES;
				CLANG_WARN_OBJC_ROOT_CLASS = YES_ERROR;
				CLANG_WARN_RANGE_LOOP_ANALYSIS = YES;
				CLANG_WARN_STRICT_PROTOTYPES = YES;
				CLANG_WARN_SUSPICIOUS_MOVE = YES;
				CLANG_WARN_UNGUARDED_AVAILABILITY = YES_AGGRESSIVE;
				CLANG_WARN_UNREACHABLE_CODE = YES;
				CLANG_WARN__DUPLICATE_METHOD_MATCH = YES;
				CODE_SIGN_IDENTITY = "Mac Developer";
				COPY_PHASE_STRIP = NO;
				DEBUG_INFORMATION_FORMAT = "dwarf-with-dsym";
				ENABLE_NS_ASSERTIONS = NO;
				ENABLE_STRICT_OBJC_MSGSEND = YES;
				GCC_C_LANGUAGE_STANDARD = gnu11;
				GCC_NO_COMMON_BLOCKS = YES;
				GCC_WARN_64_TO_32_BIT_CONVERSION = YES;
				GCC_WARN_ABOUT_RETURN_TYPE = YES_ERROR;
				GCC_WARN_UNDECLARED_SELECTOR = YES;
				GCC_WARN_UNINITIALIZED_AUTOS = YES_AGGRESSIVE;
				GCC_WARN_UNUSED_FUNCTION = YES;
				GCC_WARN_UNUSED_VARIABLE = YES;
				MACOSX_DEPLOYMENT_TARGET = 10.14;
				MTL_ENABLE_DEBUG_INFO = NO;
				MTL_FAST_MATH = YES;
				SDKROOT = macosx;
			};
			name = Release;
		};
		42F81578229F0D5600BC38AD /* Debug */ = {
			isa = XCBuildConfiguration;
			buildSettings = {
				CODE_SIGN_STYLE = Automatic;
				DEVELOPMENT_TEAM = 62HVCAE3S2;
				HEADER_SEARCH_PATHS = (
					/usr/local/Cellar/tbb/2019_U6/include,
					"\"$(SRCROOT)/graphics/graphics\"",
				);
				PRODUCT_NAME = "$(TARGET_NAME)";
			};
			name = Debug;
		};
		42F81579229F0D5600BC38AD /* Release */ = {
			isa = XCBuildConfiguration;
			buildSettings = {
				CODE_SIGN_STYLE = Automatic;
				DEVELOPMENT_TEAM = 62HVCAE3S2;
				HEADER_SEARCH_PATHS = (
					/usr/local/Cellar/tbb/2019_U6/include,
					"\"$(SRCROOT)/graphics/graphics\"",
				);
				PRODUCT_NAME = "$(TARGET_NAME)";
			};
			name = Release;
		};
/* End XCBuildConfiguration section */

/* Begin XCConfigurationList section */
		42F8156B229F0D5600BC38AD /* Build configuration list for PBXProject "REM" */ = {
			isa = XCConfigurationList;
			buildConfigurations = (
				42F81575229F0D5600BC38AD /* Debug */,
				42F81576229F0D5600BC38AD /* Release */,
			);
			defaultConfigurationIsVisible = 0;
			defaultConfigurationName = Release;
		};
		42F81577229F0D5600BC38AD /* Build configuration list for PBXNativeTarget "REM" */ = {
			isa = XCConfigurationList;
			buildConfigurations = (
				42F81578229F0D5600BC38AD /* Debug */,
				42F81579229F0D5600BC38AD /* Release */,
			);
			defaultConfigurationIsVisible = 0;
			defaultConfigurationName = Release;
		};
/* End XCConfigurationList section */
	};
	rootObject = 42F81568229F0D5600BC38AD /* Project object */;
}
